// !$*UTF8*$!
{
	archiveVersion = 1;
	classes = {
	};
	objectVersion = 50;
	objects = {

/* Begin PBXBuildFile section */
		B402C83E24852F0000321D13 /* AppDelegate.swift in Sources */ = {isa = PBXBuildFile; fileRef = B402C83D24852F0000321D13 /* AppDelegate.swift */; };
		B402C84024852F0000321D13 /* SceneDelegate.swift in Sources */ = {isa = PBXBuildFile; fileRef = B402C83F24852F0000321D13 /* SceneDelegate.swift */; };
		B402C84224852F0000321D13 /* ViewController.swift in Sources */ = {isa = PBXBuildFile; fileRef = B402C84124852F0000321D13 /* ViewController.swift */; };
		B402C84524852F0000321D13 /* Main.storyboard in Resources */ = {isa = PBXBuildFile; fileRef = B402C84324852F0000321D13 /* Main.storyboard */; };
		B402C84724852F0200321D13 /* Assets.xcassets in Resources */ = {isa = PBXBuildFile; fileRef = B402C84624852F0200321D13 /* Assets.xcassets */; };
		B402C84A24852F0200321D13 /* LaunchScreen.storyboard in Resources */ = {isa = PBXBuildFile; fileRef = B402C84824852F0200321D13 /* LaunchScreen.storyboard */; };
		D2D12D8C748F8890039FCD38 /* Pods_CreditCardViewSwiftExample.framework in Frameworks */ = {isa = PBXBuildFile; fileRef = F325C7BCA403014B6B7FC280 /* Pods_CreditCardViewSwiftExample.framework */; };
/* End PBXBuildFile section */

/* Begin PBXFileReference section */
		04E1D365A38841F76DE5F6B8 /* Pods-CreditCardViewSwiftExample.release.xcconfig */ = {isa = PBXFileReference; includeInIndex = 1; lastKnownFileType = text.xcconfig; name = "Pods-CreditCardViewSwiftExample.release.xcconfig"; path = "Target Support Files/Pods-CreditCardViewSwiftExample/Pods-CreditCardViewSwiftExample.release.xcconfig"; sourceTree = "<group>"; };
		2228BB5598B247292838A0D4 /* Pods-CreditCardViewSwiftExample.debug.xcconfig */ = {isa = PBXFileReference; includeInIndex = 1; lastKnownFileType = text.xcconfig; name = "Pods-CreditCardViewSwiftExample.debug.xcconfig"; path = "Target Support Files/Pods-CreditCardViewSwiftExample/Pods-CreditCardViewSwiftExample.debug.xcconfig"; sourceTree = "<group>"; };
		B402C83A24852F0000321D13 /* CreditCardViewSwiftExample.app */ = {isa = PBXFileReference; explicitFileType = wrapper.application; includeInIndex = 0; path = CreditCardViewSwiftExample.app; sourceTree = BUILT_PRODUCTS_DIR; };
		B402C83D24852F0000321D13 /* AppDelegate.swift */ = {isa = PBXFileReference; lastKnownFileType = sourcecode.swift; path = AppDelegate.swift; sourceTree = "<group>"; };
		B402C83F24852F0000321D13 /* SceneDelegate.swift */ = {isa = PBXFileReference; lastKnownFileType = sourcecode.swift; path = SceneDelegate.swift; sourceTree = "<group>"; };
		B402C84124852F0000321D13 /* ViewController.swift */ = {isa = PBXFileReference; lastKnownFileType = sourcecode.swift; path = ViewController.swift; sourceTree = "<group>"; };
		B402C84424852F0000321D13 /* Base */ = {isa = PBXFileReference; lastKnownFileType = file.storyboard; name = Base; path = Base.lproj/Main.storyboard; sourceTree = "<group>"; };
		B402C84624852F0200321D13 /* Assets.xcassets */ = {isa = PBXFileReference; lastKnownFileType = folder.assetcatalog; path = Assets.xcassets; sourceTree = "<group>"; };
		B402C84924852F0200321D13 /* Base */ = {isa = PBXFileReference; lastKnownFileType = file.storyboard; name = Base; path = Base.lproj/LaunchScreen.storyboard; sourceTree = "<group>"; };
		B402C84B24852F0200321D13 /* Info.plist */ = {isa = PBXFileReference; lastKnownFileType = text.plist.xml; path = Info.plist; sourceTree = "<group>"; };
		F325C7BCA403014B6B7FC280 /* Pods_CreditCardViewSwiftExample.framework */ = {isa = PBXFileReference; explicitFileType = wrapper.framework; includeInIndex = 0; path = Pods_CreditCardViewSwiftExample.framework; sourceTree = BUILT_PRODUCTS_DIR; };
/* End PBXFileReference section */

/* Begin PBXFrameworksBuildPhase section */
		B402C83724852F0000321D13 /* Frameworks */ = {
			isa = PBXFrameworksBuildPhase;
			buildActionMask = 2147483647;
			files = (
				D2D12D8C748F8890039FCD38 /* Pods_CreditCardViewSwiftExample.framework in Frameworks */,
			);
			runOnlyForDeploymentPostprocessing = 0;
		};
/* End PBXFrameworksBuildPhase section */

/* Begin PBXGroup section */
		AFED5B3A84E1F41AE36BC183 /* Pods */ = {
			isa = PBXGroup;
			children = (
				2228BB5598B247292838A0D4 /* Pods-CreditCardViewSwiftExample.debug.xcconfig */,
				04E1D365A38841F76DE5F6B8 /* Pods-CreditCardViewSwiftExample.release.xcconfig */,
			);
			name = Pods;
			path = Pods;
			sourceTree = "<group>";
		};
		B402C83124852F0000321D13 = {
			isa = PBXGroup;
			children = (
				B402C83C24852F0000321D13 /* CreditCardViewSwiftExample */,
				B402C83B24852F0000321D13 /* Products */,
				AFED5B3A84E1F41AE36BC183 /* Pods */,
				D30232AADC1098D8E0CD72F5 /* Frameworks */,
			);
			sourceTree = "<group>";
		};
		B402C83B24852F0000321D13 /* Products */ = {
			isa = PBXGroup;
			children = (
				B402C83A24852F0000321D13 /* CreditCardViewSwiftExample.app */,
			);
			name = Products;
			sourceTree = "<group>";
		};
		B402C83C24852F0000321D13 /* CreditCardViewSwiftExample */ = {
			isa = PBXGroup;
			children = (
				B402C83D24852F0000321D13 /* AppDelegate.swift */,
				B402C83F24852F0000321D13 /* SceneDelegate.swift */,
				B402C84124852F0000321D13 /* ViewController.swift */,
				B402C84324852F0000321D13 /* Main.storyboard */,
				B402C84624852F0200321D13 /* Assets.xcassets */,
				B402C84824852F0200321D13 /* LaunchScreen.storyboard */,
				B402C84B24852F0200321D13 /* Info.plist */,
			);
			path = CreditCardViewSwiftExample;
			sourceTree = "<group>";
		};
		D30232AADC1098D8E0CD72F5 /* Frameworks */ = {
			isa = PBXGroup;
			children = (
				F325C7BCA403014B6B7FC280 /* Pods_CreditCardViewSwiftExample.framework */,
			);
			name = Frameworks;
			sourceTree = "<group>";
		};
/* End PBXGroup section */

/* Begin PBXNativeTarget section */
		B402C83924852F0000321D13 /* CreditCardViewSwiftExample */ = {
			isa = PBXNativeTarget;
			buildConfigurationList = B402C84E24852F0200321D13 /* Build configuration list for PBXNativeTarget "CreditCardViewSwiftExample" */;
			buildPhases = (
				F97F53CB55287666998F06DA /* [CP] Check Pods Manifest.lock */,
				B402C83624852F0000321D13 /* Sources */,
				B402C83724852F0000321D13 /* Frameworks */,
				B402C83824852F0000321D13 /* Resources */,
				A38E76848E660C4A490123F1 /* [CP] Embed Pods Frameworks */,
			);
			buildRules = (
			);
			dependencies = (
			);
			name = CreditCardViewSwiftExample;
			productName = CreditCardViewSwiftExample;
			productReference = B402C83A24852F0000321D13 /* CreditCardViewSwiftExample.app */;
			productType = "com.apple.product-type.application";
		};
/* End PBXNativeTarget section */

/* Begin PBXProject section */
		B402C83224852F0000321D13 /* Project object */ = {
			isa = PBXProject;
			attributes = {
				LastSwiftUpdateCheck = 1140;
				LastUpgradeCheck = 1140;
				ORGANIZATIONNAME = "Osama Azmat Khan";
				TargetAttributes = {
					B402C83924852F0000321D13 = {
						CreatedOnToolsVersion = 11.4;
					};
				};
			};
			buildConfigurationList = B402C83524852F0000321D13 /* Build configuration list for PBXProject "CreditCardViewSwiftExample" */;
			compatibilityVersion = "Xcode 9.3";
			developmentRegion = en;
			hasScannedForEncodings = 0;
			knownRegions = (
				en,
				Base,
			);
			mainGroup = B402C83124852F0000321D13;
			productRefGroup = B402C83B24852F0000321D13 /* Products */;
			projectDirPath = "";
			projectRoot = "";
			targets = (
				B402C83924852F0000321D13 /* CreditCardViewSwiftExample */,
			);
		};
/* End PBXProject section */

/* Begin PBXResourcesBuildPhase section */
		B402C83824852F0000321D13 /* Resources */ = {
			isa = PBXResourcesBuildPhase;
			buildActionMask = 2147483647;
			files = (
				B402C84A24852F0200321D13 /* LaunchScreen.storyboard in Resources */,
				B402C84724852F0200321D13 /* Assets.xcassets in Resources */,
				B402C84524852F0000321D13 /* Main.storyboard in Resources */,
			);
			runOnlyForDeploymentPostprocessing = 0;
		};
/* End PBXResourcesBuildPhase section */

/* Begin PBXShellScriptBuildPhase section */
		A38E76848E660C4A490123F1 /* [CP] Embed Pods Frameworks */ = {
			isa = PBXShellScriptBuildPhase;
			buildActionMask = 2147483647;
			files = (
			);
			inputFileListPaths = (
				"${PODS_ROOT}/Target Support Files/Pods-CreditCardViewSwiftExample/Pods-CreditCardViewSwiftExample-frameworks-${CONFIGURATION}-input-files.xcfilelist",
			);
			name = "[CP] Embed Pods Frameworks";
			outputFileListPaths = (
				"${PODS_ROOT}/Target Support Files/Pods-CreditCardViewSwiftExample/Pods-CreditCardViewSwiftExample-frameworks-${CONFIGURATION}-output-files.xcfilelist",
			);
			runOnlyForDeploymentPostprocessing = 0;
			shellPath = /bin/sh;
			shellScript = "\"${PODS_ROOT}/Target Support Files/Pods-CreditCardViewSwiftExample/Pods-CreditCardViewSwiftExample-frameworks.sh\"\n";
			showEnvVarsInLog = 0;
		};
		F97F53CB55287666998F06DA /* [CP] Check Pods Manifest.lock */ = {
			isa = PBXShellScriptBuildPhase;
			buildActionMask = 2147483647;
			files = (
			);
			inputFileListPaths = (
			);
			inputPaths = (
				"${PODS_PODFILE_DIR_PATH}/Podfile.lock",
				"${PODS_ROOT}/Manifest.lock",
			);
			name = "[CP] Check Pods Manifest.lock";
			outputFileListPaths = (
			);
			outputPaths = (
				"$(DERIVED_FILE_DIR)/Pods-CreditCardViewSwiftExample-checkManifestLockResult.txt",
			);
			runOnlyForDeploymentPostprocessing = 0;
			shellPath = /bin/sh;
			shellScript = "diff \"${PODS_PODFILE_DIR_PATH}/Podfile.lock\" \"${PODS_ROOT}/Manifest.lock\" > /dev/null\nif [ $? != 0 ] ; then\n    # print error to STDERR\n    echo \"error: The sandbox is not in sync with the Podfile.lock. Run 'pod install' or update your CocoaPods installation.\" >&2\n    exit 1\nfi\n# This output is used by Xcode 'outputs' to avoid re-running this script phase.\necho \"SUCCESS\" > \"${SCRIPT_OUTPUT_FILE_0}\"\n";
			showEnvVarsInLog = 0;
		};
/* End PBXShellScriptBuildPhase section */

/* Begin PBXSourcesBuildPhase section */
		B402C83624852F0000321D13 /* Sources */ = {
			isa = PBXSourcesBuildPhase;
			buildActionMask = 2147483647;
			files = (
				B402C84224852F0000321D13 /* ViewController.swift in Sources */,
				B402C83E24852F0000321D13 /* AppDelegate.swift in Sources */,
				B402C84024852F0000321D13 /* SceneDelegate.swift in Sources */,
			);
			runOnlyForDeploymentPostprocessing = 0;
		};
/* End PBXSourcesBuildPhase section */

/* Begin PBXVariantGroup section */
		B402C84324852F0000321D13 /* Main.storyboard */ = {
			isa = PBXVariantGroup;
			children = (
				B402C84424852F0000321D13 /* Base */,
			);
			name = Main.storyboard;
			sourceTree = "<group>";
		};
		B402C84824852F0200321D13 /* LaunchScreen.storyboard */ = {
			isa = PBXVariantGroup;
			children = (
				B402C84924852F0200321D13 /* Base */,
			);
			name = LaunchScreen.storyboard;
			sourceTree = "<group>";
		};
/* End PBXVariantGroup section */

/* Begin XCBuildConfiguration section */
		B402C84C24852F0200321D13 /* Debug */ = {
			isa = XCBuildConfiguration;
			buildSettings = {
				ALWAYS_SEARCH_USER_PATHS = NO;
				CLANG_ANALYZER_NONNULL = YES;
				CLANG_ANALYZER_NUMBER_OBJECT_CONVERSION = YES_AGGRESSIVE;
				CLANG_CXX_LANGUAGE_STANDARD = "gnu++14";
				CLANG_CXX_LIBRARY = "libc++";
				CLANG_ENABLE_MODULES = YES;
				CLANG_ENABLE_OBJC_ARC = YES;
				CLANG_ENABLE_OBJC_WEAK = YES;
				CLANG_WARN_BLOCK_CAPTURE_AUTORELEASING = YES;
				CLANG_WARN_BOOL_CONVERSION = YES;
				CLANG_WARN_COMMA = YES;
				CLANG_WARN_CONSTANT_CONVERSION = YES;
				CLANG_WARN_DEPRECATED_OBJC_IMPLEMENTATIONS = YES;
				CLANG_WARN_DIRECT_OBJC_ISA_USAGE = YES_ERROR;
				CLANG_WARN_DOCUMENTATION_COMMENTS = YES;
				CLANG_WARN_EMPTY_BODY = YES;
				CLANG_WARN_ENUM_CONVERSION = YES;
				CLANG_WARN_INFINITE_RECURSION = YES;
				CLANG_WARN_INT_CONVERSION = YES;
				CLANG_WARN_NON_LITERAL_NULL_CONVERSION = YES;
				CLANG_WARN_OBJC_IMPLICIT_RETAIN_SELF = YES;
				CLANG_WARN_OBJC_LITERAL_CONVERSION = YES;
				CLANG_WARN_OBJC_ROOT_CLASS = YES_ERROR;
				CLANG_WARN_RANGE_LOOP_ANALYSIS = YES;
				CLANG_WARN_STRICT_PROTOTYPES = YES;
				CLANG_WARN_SUSPICIOUS_MOVE = YES;
				CLANG_WARN_UNGUARDED_AVAILABILITY = YES_AGGRESSIVE;
				CLANG_WARN_UNREACHABLE_CODE = YES;
				CLANG_WARN__DUPLICATE_METHOD_MATCH = YES;
				COPY_PHASE_STRIP = NO;
				DEBUG_INFORMATION_FORMAT = dwarf;
				ENABLE_STRICT_OBJC_MSGSEND = YES;
				ENABLE_TESTABILITY = YES;
				GCC_C_LANGUAGE_STANDARD = gnu11;
				GCC_DYNAMIC_NO_PIC = NO;
				GCC_NO_COMMON_BLOCKS = YES;
				GCC_OPTIMIZATION_LEVEL = 0;
				GCC_PREPROCESSOR_DEFINITIONS = (
					"DEBUG=1",
					"$(inherited)",
				);
				GCC_WARN_64_TO_32_BIT_CONVERSION = YES;
				GCC_WARN_ABOUT_RETURN_TYPE = YES_ERROR;
				GCC_WARN_UNDECLARED_SELECTOR = YES;
				GCC_WARN_UNINITIALIZED_AUTOS = YES_AGGRESSIVE;
				GCC_WARN_UNUSED_FUNCTION = YES;
				GCC_WARN_UNUSED_VARIABLE = YES;
				IPHONEOS_DEPLOYMENT_TARGET = 13.4;
				MTL_ENABLE_DEBUG_INFO = INCLUDE_SOURCE;
				MTL_FAST_MATH = YES;
				ONLY_ACTIVE_ARCH = YES;
				SDKROOT = iphoneos;
				SWIFT_ACTIVE_COMPILATION_CONDITIONS = DEBUG;
				SWIFT_OPTIMIZATION_LEVEL = "-Onone";
			};
			name = Debug;
		};
		B402C84D24852F0200321D13 /* Release */ = {
			isa = XCBuildConfiguration;
			buildSettings = {
				ALWAYS_SEARCH_USER_PATHS = NO;
				CLANG_ANALYZER_NONNULL = YES;
				CLANG_ANALYZER_NUMBER_OBJECT_CONVERSION = YES_AGGRESSIVE;
				CLANG_CXX_LANGUAGE_STANDARD = "gnu++14";
				CLANG_CXX_LIBRARY = "libc++";
				CLANG_ENABLE_MODULES = YES;
				CLANG_ENABLE_OBJC_ARC = YES;
				CLANG_ENABLE_OBJC_WEAK = YES;
				CLANG_WARN_BLOCK_CAPTURE_AUTORELEASING = YES;
				CLANG_WARN_BOOL_CONVERSION = YES;
				CLANG_WARN_COMMA = YES;
				CLANG_WARN_CONSTANT_CONVERSION = YES;
				CLANG_WARN_DEPRECATED_OBJC_IMPLEMENTATIONS = YES;
				CLANG_WARN_DIRECT_OBJC_ISA_USAGE = YES_ERROR;
				CLANG_WARN_DOCUMENTATION_COMMENTS = YES;
				CLANG_WARN_EMPTY_BODY = YES;
				CLANG_WARN_ENUM_CONVERSION = YES;
				CLANG_WARN_INFINITE_RECURSION = YES;
				CLANG_WARN_INT_CONVERSION = YES;
				CLANG_WARN_NON_LITERAL_NULL_CONVERSION = YES;
				CLANG_WARN_OBJC_IMPLICIT_RETAIN_SELF = YES;
				CLANG_WARN_OBJC_LITERAL_CONVERSION = YES;
				CLANG_WARN_OBJC_ROOT_CLASS = YES_ERROR;
				CLANG_WARN_RANGE_LOOP_ANALYSIS = YES;
				CLANG_WARN_STRICT_PROTOTYPES = YES;
				CLANG_WARN_SUSPICIOUS_MOVE = YES;
				CLANG_WARN_UNGUARDED_AVAILABILITY = YES_AGGRESSIVE;
				CLANG_WARN_UNREACHABLE_CODE = YES;
				CLANG_WARN__DUPLICATE_METHOD_MATCH = YES;
				COPY_PHASE_STRIP = NO;
				DEBUG_INFORMATION_FORMAT = "dwarf-with-dsym";
				ENABLE_NS_ASSERTIONS = NO;
				ENABLE_STRICT_OBJC_MSGSEND = YES;
				GCC_C_LANGUAGE_STANDARD = gnu11;
				GCC_NO_COMMON_BLOCKS = YES;
				GCC_WARN_64_TO_32_BIT_CONVERSION = YES;
				GCC_WARN_ABOUT_RETURN_TYPE = YES_ERROR;
				GCC_WARN_UNDECLARED_SELECTOR = YES;
				GCC_WARN_UNINITIALIZED_AUTOS = YES_AGGRESSIVE;
				GCC_WARN_UNUSED_FUNCTION = YES;
				GCC_WARN_UNUSED_VARIABLE = YES;
				IPHONEOS_DEPLOYMENT_TARGET = 13.4;
				MTL_ENABLE_DEBUG_INFO = NO;
				MTL_FAST_MATH = YES;
				SDKROOT = iphoneos;
				SWIFT_COMPILATION_MODE = wholemodule;
				SWIFT_OPTIMIZATION_LEVEL = "-O";
				VALIDATE_PRODUCT = YES;
			};
			name = Release;
		};
		B402C84F24852F0200321D13 /* Debug */ = {
			isa = XCBuildConfiguration;
			baseConfigurationReference = 2228BB5598B247292838A0D4 /* Pods-CreditCardViewSwiftExample.debug.xcconfig */;
			buildSettings = {
				ASSETCATALOG_COMPILER_APPICON_NAME = AppIcon;
				CODE_SIGN_STYLE = Automatic;
				DEVELOPMENT_TEAM = 9B7U6UY7ED;
				INFOPLIST_FILE = CreditCardViewSwiftExample/Info.plist;
				LD_RUNPATH_SEARCH_PATHS = (
					"$(inherited)",
					"@executable_path/Frameworks",
				);
				PRODUCT_BUNDLE_IDENTIFIER = com.osama.CreditCardViewSwiftExample;
				PRODUCT_NAME = "$(TARGET_NAME)";
				SWIFT_VERSION = 5.0;
				TARGETED_DEVICE_FAMILY = "1,2";
			};
			name = Debug;
		};
		B402C85024852F0200321D13 /* Release */ = {
			isa = XCBuildConfiguration;
			baseConfigurationReference = 04E1D365A38841F76DE5F6B8 /* Pods-CreditCardViewSwiftExample.release.xcconfig */;
			buildSettings = {
				ASSETCATALOG_COMPILER_APPICON_NAME = AppIcon;
				CODE_SIGN_STYLE = Automatic;
				DEVELOPMENT_TEAM = 9B7U6UY7ED;
				INFOPLIST_FILE = CreditCardViewSwiftExample/Info.plist;
				LD_RUNPATH_SEARCH_PATHS = (
					"$(inherited)",
					"@executable_path/Frameworks",
				);
				PRODUCT_BUNDLE_IDENTIFIER = com.osama.CreditCardViewSwiftExample;
				PRODUCT_NAME = "$(TARGET_NAME)";
				SWIFT_VERSION = 5.0;
				TARGETED_DEVICE_FAMILY = "1,2";
			};
			name = Release;
		};
/* End XCBuildConfiguration section */

/* Begin XCConfigurationList section */
		B402C83524852F0000321D13 /* Build configuration list for PBXProject "CreditCardViewSwiftExample" */ = {
			isa = XCConfigurationList;
			buildConfigurations = (
				B402C84C24852F0200321D13 /* Debug */,
				B402C84D24852F0200321D13 /* Release */,
			);
			defaultConfigurationIsVisible = 0;
			defaultConfigurationName = Release;
		};
		B402C84E24852F0200321D13 /* Build configuration list for PBXNativeTarget "CreditCardViewSwiftExample" */ = {
			isa = XCConfigurationList;
			buildConfigurations = (
				B402C84F24852F0200321D13 /* Debug */,
				B402C85024852F0200321D13 /* Release */,
			);
			defaultConfigurationIsVisible = 0;
			defaultConfigurationName = Release;
		};
/* End XCConfigurationList section */
	};
	rootObject = B402C83224852F0000321D13 /* Project object */;
}
